
Microsoft Visual Studio Solution File, Format Version 12.00
# Visual Studio Version 17
VisualStudioVersion = 17.14.36408.4
MinimumVisualStudioVersion = 10.0.40219.1
Project("{8BC9CEB8-8B4A-11D0-8D11-00A0C91BC942}") = "ListBox", "ListBox\ListBox.vcxproj", "{E2FE3E7D-167F-48BB-8F18-4A7883AC0E14}"
EndProject
Project("{8BC9CEB8-8B4A-11D0-8D11-00A0C91BC942}") = "WinAPI", "WinAPI\WinAPI.vcxproj", "{B7CCB703-E6C2-4DA4-9ADA-86B477271795}"
EndProject
Project("{8BC9CEB8-8B4A-11D0-8D11-00A0C91BC942}") = "ComboBox", "ComboBox\ComboBox.vcxproj", "{06BFC1C1-E853-4973-8C5F-60EC43B3C3F4}"
EndProject
Project("{8BC9CEB8-8B4A-11D0-8D11-00A0C91BC942}") = "Calc", "Calc\Calc.vcxproj", "{AE55A48A-90FA-4B36-BDA1-A9C992EA36BE}"
EndProject
Project("{8BC9CEB8-8B4A-11D0-8D11-00A0C91BC942}") = "MainWindow", "MainWindow\MainWindow.vcxproj", "{05FBBC25-6206-46E2-B4EF-22291C5F77B5}"
EndProject
Project("{8BC9CEB8-8B4A-11D0-8D11-00A0C91BC942}") = "Calculator", "Calculator\Calculator.vcxproj", "{2D7B67E8-08EB-4702-B5E0-C9AABBC6FBD8}"
EndProject
Project("{8BC9CEB8-8B4A-11D0-8D11-00A0C91BC942}") = "ResourceOnlyDLL", "ResourceOnlyDLL\ResourceOnlyDLL.vcxproj", "{A4B18889-A7B9-4ABC-81CE-505A01927E58}"
EndProject
Project("{54435603-DBB4-11D2-8724-00A0C9A8B90C}") = "CalculatorInst", "CalculatorInst\CalculatorInst.vdproj", "{03AF1674-AE29-E769-4874-B5CA4B295020}"
EndProject
Project("{8BC9CEB8-8B4A-11D0-8D11-00A0C91BC942}") = "FontsDLL", "FontsDLL\FontsDLL.vcxproj", "{144ACB11-DB9D-41C1-8E65-249C4A137279}"
EndProject
Global
	GlobalSection(SolutionConfigurationPlatforms) = preSolution
		Debug|x64 = Debug|x64
		Debug|x86 = Debug|x86
		Release|x64 = Release|x64
		Release|x86 = Release|x86
	EndGlobalSection
	GlobalSection(ProjectConfigurationPlatforms) = postSolution
		{E2FE3E7D-167F-48BB-8F18-4A7883AC0E14}.Debug|x64.ActiveCfg = Debug|x64
		{E2FE3E7D-167F-48BB-8F18-4A7883AC0E14}.Debug|x64.Build.0 = Debug|x64
		{E2FE3E7D-167F-48BB-8F18-4A7883AC0E14}.Debug|x86.ActiveCfg = Debug|Win32
		{E2FE3E7D-167F-48BB-8F18-4A7883AC0E14}.Debug|x86.Build.0 = Debug|Win32
		{E2FE3E7D-167F-48BB-8F18-4A7883AC0E14}.Release|x64.ActiveCfg = Release|x64
		{E2FE3E7D-167F-48BB-8F18-4A7883AC0E14}.Release|x64.Build.0 = Release|x64
		{E2FE3E7D-167F-48BB-8F18-4A7883AC0E14}.Release|x86.ActiveCfg = Release|Win32
		{E2FE3E7D-167F-48BB-8F18-4A7883AC0E14}.Release|x86.Build.0 = Release|Win32
		{B7CCB703-E6C2-4DA4-9ADA-86B477271795}.Debug|x64.ActiveCfg = Debug|x64
		{B7CCB703-E6C2-4DA4-9ADA-86B477271795}.Debug|x64.Build.0 = Debug|x64
		{B7CCB703-E6C2-4DA4-9ADA-86B477271795}.Debug|x86.ActiveCfg = Debug|Win32
		{B7CCB703-E6C2-4DA4-9ADA-86B477271795}.Debug|x86.Build.0 = Debug|Win32
		{B7CCB703-E6C2-4DA4-9ADA-86B477271795}.Release|x64.ActiveCfg = Release|x64
		{B7CCB703-E6C2-4DA4-9ADA-86B477271795}.Release|x64.Build.0 = Release|x64
		{B7CCB703-E6C2-4DA4-9ADA-86B477271795}.Release|x86.ActiveCfg = Release|Win32
		{B7CCB703-E6C2-4DA4-9ADA-86B477271795}.Release|x86.Build.0 = Release|Win32
		{06BFC1C1-E853-4973-8C5F-60EC43B3C3F4}.Debug|x64.ActiveCfg = Debug|x64
		{06BFC1C1-E853-4973-8C5F-60EC43B3C3F4}.Debug|x64.Build.0 = Debug|x64
		{06BFC1C1-E853-4973-8C5F-60EC43B3C3F4}.Debug|x86.ActiveCfg = Debug|Win32
		{06BFC1C1-E853-4973-8C5F-60EC43B3C3F4}.Debug|x86.Build.0 = Debug|Win32
		{06BFC1C1-E853-4973-8C5F-60EC43B3C3F4}.Release|x64.ActiveCfg = Release|x64
		{06BFC1C1-E853-4973-8C5F-60EC43B3C3F4}.Release|x64.Build.0 = Release|x64
		{06BFC1C1-E853-4973-8C5F-60EC43B3C3F4}.Release|x86.ActiveCfg = Release|Win32
		{06BFC1C1-E853-4973-8C5F-60EC43B3C3F4}.Release|x86.Build.0 = Release|Win32
		{AE55A48A-90FA-4B36-BDA1-A9C992EA36BE}.Debug|x64.ActiveCfg = Debug|x64
		{AE55A48A-90FA-4B36-BDA1-A9C992EA36BE}.Debug|x64.Build.0 = Debug|x64
		{AE55A48A-90FA-4B36-BDA1-A9C992EA36BE}.Debug|x86.ActiveCfg = Debug|Win32
		{AE55A48A-90FA-4B36-BDA1-A9C992EA36BE}.Debug|x86.Build.0 = Debug|Win32
		{AE55A48A-90FA-4B36-BDA1-A9C992EA36BE}.Release|x64.ActiveCfg = Release|x64
		{AE55A48A-90FA-4B36-BDA1-A9C992EA36BE}.Release|x64.Build.0 = Release|x64
		{AE55A48A-90FA-4B36-BDA1-A9C992EA36BE}.Release|x86.ActiveCfg = Release|Win32
		{AE55A48A-90FA-4B36-BDA1-A9C992EA36BE}.Release|x86.Build.0 = Release|Win32
		{05FBBC25-6206-46E2-B4EF-22291C5F77B5}.Debug|x64.ActiveCfg = Debug|x64
		{05FBBC25-6206-46E2-B4EF-22291C5F77B5}.Debug|x64.Build.0 = Debug|x64
		{05FBBC25-6206-46E2-B4EF-22291C5F77B5}.Debug|x86.ActiveCfg = Debug|Win32
		{05FBBC25-6206-46E2-B4EF-22291C5F77B5}.Debug|x86.Build.0 = Debug|Win32
		{05FBBC25-6206-46E2-B4EF-22291C5F77B5}.Release|x64.ActiveCfg = Release|x64
		{05FBBC25-6206-46E2-B4EF-22291C5F77B5}.Release|x64.Build.0 = Release|x64
		{05FBBC25-6206-46E2-B4EF-22291C5F77B5}.Release|x86.ActiveCfg = Release|Win32
		{05FBBC25-6206-46E2-B4EF-22291C5F77B5}.Release|x86.Build.0 = Release|Win32
		{2D7B67E8-08EB-4702-B5E0-C9AABBC6FBD8}.Debug|x64.ActiveCfg = Debug|x64
		{2D7B67E8-08EB-4702-B5E0-C9AABBC6FBD8}.Debug|x64.Build.0 = Debug|x64
		{2D7B67E8-08EB-4702-B5E0-C9AABBC6FBD8}.Debug|x86.ActiveCfg = Debug|Win32
		{2D7B67E8-08EB-4702-B5E0-C9AABBC6FBD8}.Debug|x86.Build.0 = Debug|Win32
		{2D7B67E8-08EB-4702-B5E0-C9AABBC6FBD8}.Release|x64.ActiveCfg = Release|x64
		{2D7B67E8-08EB-4702-B5E0-C9AABBC6FBD8}.Release|x64.Build.0 = Release|x64
		{2D7B67E8-08EB-4702-B5E0-C9AABBC6FBD8}.Release|x86.ActiveCfg = Release|Win32
		{2D7B67E8-08EB-4702-B5E0-C9AABBC6FBD8}.Release|x86.Build.0 = Release|Win32
		{A4B18889-A7B9-4ABC-81CE-505A01927E58}.Debug|x64.ActiveCfg = Debug|x64
		{A4B18889-A7B9-4ABC-81CE-505A01927E58}.Debug|x64.Build.0 = Debug|x64
		{A4B18889-A7B9-4ABC-81CE-505A01927E58}.Debug|x86.ActiveCfg = Debug|Win32
		{A4B18889-A7B9-4ABC-81CE-505A01927E58}.Debug|x86.Build.0 = Debug|Win32
		{A4B18889-A7B9-4ABC-81CE-505A01927E58}.Release|x64.ActiveCfg = Release|x64
		{A4B18889-A7B9-4ABC-81CE-505A01927E58}.Release|x64.Build.0 = Release|x64
		{A4B18889-A7B9-4ABC-81CE-505A01927E58}.Release|x86.ActiveCfg = Release|Win32
		{A4B18889-A7B9-4ABC-81CE-505A01927E58}.Release|x86.Build.0 = Release|Win32
		{03AF1674-AE29-E769-4874-B5CA4B295020}.Debug|x64.ActiveCfg = Debug
		{03AF1674-AE29-E769-4874-B5CA4B295020}.Debug|x86.ActiveCfg = Debug
		{03AF1674-AE29-E769-4874-B5CA4B295020}.Release|x64.ActiveCfg = Release
		{03AF1674-AE29-E769-4874-B5CA4B295020}.Release|x86.ActiveCfg = Release
		{144ACB11-DB9D-41C1-8E65-249C4A137279}.Debug|x64.ActiveCfg = Debug|x64
		{144ACB11-DB9D-41C1-8E65-249C4A137279}.Debug|x64.Build.0 = Debug|x64
		{144ACB11-DB9D-41C1-8E65-249C4A137279}.Debug|x86.ActiveCfg = Debug|Win32
		{144ACB11-DB9D-41C1-8E65-249C4A137279}.Debug|x86.Build.0 = Debug|Win32
		{144ACB11-DB9D-41C1-8E65-249C4A137279}.Release|x64.ActiveCfg = Release|x64
		{144ACB11-DB9D-41C1-8E65-249C4A137279}.Release|x64.Build.0 = Release|x64
		{144ACB11-DB9D-41C1-8E65-249C4A137279}.Release|x86.ActiveCfg = Release|Win32
		{144ACB11-DB9D-41C1-8E65-249C4A137279}.Release|x86.Build.0 = Release|Win32
	EndGlobalSection
	GlobalSection(SolutionProperties) = preSolution
		HideSolutionNode = FALSE
	EndGlobalSection
	GlobalSection(ExtensibilityGlobals) = postSolution
		SolutionGuid = {E6FF072E-8754-4B7D-B48C-AAFE584B2C87}
	EndGlobalSection
EndGlobal
